
Microsoft Visual Studio Solution File, Format Version 12.00
# Visual Studio Version 17
VisualStudioVersion = 17.9.34902.65
MinimumVisualStudioVersion = 10.0.40219.1
Project("{FAE04EC0-301F-11D3-BF4B-00C04F79EFBC}") = "TinhNamTietKiem", "TinhNamTietKiem\TinhNamTietKiem.csproj", "{F900597E-A767-463B-B456-5CA0D872A162}"
EndProject
Project("{FAE04EC0-301F-11D3-BF4B-00C04F79EFBC}") = "Lib_TinhTK", "Lib_TinhTK\Lib_TinhTK.csproj", "{6190BBDD-1807-4D45-A86F-A027A6277C2B}"
EndProject
Project("{FAE04EC0-301F-11D3-BF4B-00C04F79EFBC}") = "ConsoleApp2", "ConsoleApp2\ConsoleApp2.csproj", "{03A48C02-3CD3-45F2-AD2D-AE37993C8021}"
EndProject
Project("{FAE04EC0-301F-11D3-BF4B-00C04F79EFBC}") = "WindowsFormsApp1", "WindowsFormsApp1\WindowsFormsApp1.csproj", "{EC68D6D6-A7BC-4668-9070-C057F24054A4}"
EndProject
Project("{FAE04EC0-301F-11D3-BF4B-00C04F79EFBC}") = "WebApplication1", "WebApplication1\WebApplication1.csproj", "{2CFA0228-87C0-4BC2-A96F-12B2E4452269}"
EndProject
Global
	GlobalSection(SolutionConfigurationPlatforms) = preSolution
		Debug|Any CPU = Debug|Any CPU
		Release|Any CPU = Release|Any CPU
	EndGlobalSection
	GlobalSection(ProjectConfigurationPlatforms) = postSolution
		{F900597E-A767-463B-B456-5CA0D872A162}.Debug|Any CPU.ActiveCfg = Debug|Any CPU
		{F900597E-A767-463B-B456-5CA0D872A162}.Debug|Any CPU.Build.0 = Debug|Any CPU
		{F900597E-A767-463B-B456-5CA0D872A162}.Release|Any CPU.ActiveCfg = Release|Any CPU
		{F900597E-A767-463B-B456-5CA0D872A162}.Release|Any CPU.Build.0 = Release|Any CPU
		{6190BBDD-1807-4D45-A86F-A027A6277C2B}.Debug|Any CPU.ActiveCfg = Debug|Any CPU
		{6190BBDD-1807-4D45-A86F-A027A6277C2B}.Debug|Any CPU.Build.0 = Debug|Any CPU
		{6190BBDD-1807-4D45-A86F-A027A6277C2B}.Release|Any CPU.ActiveCfg = Release|Any CPU
		{6190BBDD-1807-4D45-A86F-A027A6277C2B}.Release|Any CPU.Build.0 = Release|Any CPU
		{03A48C02-3CD3-45F2-AD2D-AE37993C8021}.Debug|Any CPU.ActiveCfg = Debug|Any CPU
		{03A48C02-3CD3-45F2-AD2D-AE37993C8021}.Debug|Any CPU.Build.0 = Debug|Any CPU
		{03A48C02-3CD3-45F2-AD2D-AE37993C8021}.Release|Any CPU.ActiveCfg = Release|Any CPU
		{03A48C02-3CD3-45F2-AD2D-AE37993C8021}.Release|Any CPU.Build.0 = Release|Any CPU
		{EC68D6D6-A7BC-4668-9070-C057F24054A4}.Debug|Any CPU.ActiveCfg = Debug|Any CPU
		{EC68D6D6-A7BC-4668-9070-C057F24054A4}.Debug|Any CPU.Build.0 = Debug|Any CPU
		{EC68D6D6-A7BC-4668-9070-C057F24054A4}.Release|Any CPU.ActiveCfg = Release|Any CPU
		{EC68D6D6-A7BC-4668-9070-C057F24054A4}.Release|Any CPU.Build.0 = Release|Any CPU
		{2CFA0228-87C0-4BC2-A96F-12B2E4452269}.Debug|Any CPU.ActiveCfg = Debug|Any CPU
		{2CFA0228-87C0-4BC2-A96F-12B2E4452269}.Debug|Any CPU.Build.0 = Debug|Any CPU
		{2CFA0228-87C0-4BC2-A96F-12B2E4452269}.Release|Any CPU.ActiveCfg = Release|Any CPU
		{2CFA0228-87C0-4BC2-A96F-12B2E4452269}.Release|Any CPU.Build.0 = Release|Any CPU
	EndGlobalSection
	GlobalSection(SolutionProperties) = preSolution
		HideSolutionNode = FALSE
	EndGlobalSection
	GlobalSection(ExtensibilityGlobals) = postSolution
		SolutionGuid = {C0814A22-A2AA-4D95-8C3A-1F76E6CDE0BD}
	EndGlobalSection
EndGlobal
